
Microsoft Visual Studio Solution File, Format Version 12.00
# Visual Studio 15
VisualStudioVersion = 15.0.28307.329
MinimumVisualStudioVersion = 10.0.40219.1
Project("{FAE04EC0-301F-11D3-BF4B-00C04F79EFBC}") = "WindowsFormsApp1", "WindowsFormsApp1\WindowsFormsApp1.csproj", "{4A8C2DD0-6393-42CE-BC27-15979AA6DD81}"
EndProject
Global
	GlobalSection(SolutionConfigurationPlatforms) = preSolution
		Debug|Any CPU = Debug|Any CPU
		Release|Any CPU = Release|Any CPU
	EndGlobalSection
	GlobalSection(ProjectConfigurationPlatforms) = postSolution
		{4A8C2DD0-6393-42CE-BC27-15979AA6DD81}.Debug|Any CPU.ActiveCfg = Debug|Any CPU
		{4A8C2DD0-6393-42CE-BC27-15979AA6DD81}.Debug|Any CPU.Build.0 = Debug|Any CPU
		{4A8C2DD0-6393-42CE-BC27-15979AA6DD81}.Release|Any CPU.ActiveCfg = Release|Any CPU
		{4A8C2DD0-6393-42CE-BC27-15979AA6DD81}.Release|Any CPU.Build.0 = Release|Any CPU
	EndGlobalSection
	GlobalSection(SolutionProperties) = preSolution
		HideSolutionNode = FALSE
	EndGlobalSection
	GlobalSection(ExtensibilityGlobals) = postSolution
		SolutionGuid = {BA9CC415-30B3-4DA8-B62B-B2BE7BA3C57F}
	EndGlobalSection
EndGlobal
